// !$*UTF8*$!
{
	archiveVersion = 1;
	classes = {
	};
	objectVersion = 50;
	objects = {

/* Begin PBXBuildFile section */
		9C18276D2725E4220007BFAE /* ManagerViewController.swift in Sources */ = {isa = PBXBuildFile; fileRef = 9C18276C2725E4220007BFAE /* ManagerViewController.swift */; };
		9C4908A5272615B70070FE9E /* History.swift in Sources */ = {isa = PBXBuildFile; fileRef = 9C4908A4272615B70070FE9E /* History.swift */; };
		9C4908A8272616490070FE9E /* HistoryManager.swift in Sources */ = {isa = PBXBuildFile; fileRef = 9C4908A7272616490070FE9E /* HistoryManager.swift */; };
		9C4A13F42725B8C9008F5C0F /* Product.swift in Sources */ = {isa = PBXBuildFile; fileRef = 9C4A13F32725B8C9008F5C0F /* Product.swift */; };
		9C4A13F72725B94B008F5C0F /* ProductManager.swift in Sources */ = {isa = PBXBuildFile; fileRef = 9C4A13F62725B94B008F5C0F /* ProductManager.swift */; };
		9C4A13FD2725C2CB008F5C0F /* myCustomerTableViewCell.swift in Sources */ = {isa = PBXBuildFile; fileRef = 9C4A13FC2725C2CB008F5C0F /* myCustomerTableViewCell.swift */; };
		9CD06E082725027B00981B7A /* AppDelegate.swift in Sources */ = {isa = PBXBuildFile; fileRef = 9CD06E072725027B00981B7A /* AppDelegate.swift */; };
		9CD06E0A2725027B00981B7A /* SceneDelegate.swift in Sources */ = {isa = PBXBuildFile; fileRef = 9CD06E092725027B00981B7A /* SceneDelegate.swift */; };
		9CD06E0C2725027B00981B7A /* ViewController.swift in Sources */ = {isa = PBXBuildFile; fileRef = 9CD06E0B2725027B00981B7A /* ViewController.swift */; };
		9CD06E0F2725027B00981B7A /* Main.storyboard in Resources */ = {isa = PBXBuildFile; fileRef = 9CD06E0D2725027B00981B7A /* Main.storyboard */; };
		9CD06E112725028600981B7A /* Assets.xcassets in Resources */ = {isa = PBXBuildFile; fileRef = 9CD06E102725028600981B7A /* Assets.xcassets */; };
		9CD06E142725028600981B7A /* LaunchScreen.storyboard in Resources */ = {isa = PBXBuildFile; fileRef = 9CD06E122725028600981B7A /* LaunchScreen.storyboard */; };
		9CD06E1D27250C1E00981B7A /* RoundButton.swift in Sources */ = {isa = PBXBuildFile; fileRef = 9CD06E1C27250C1E00981B7A /* RoundButton.swift */; };
		9CE383A22725ED910024A965 /* HistoryTableViewController.swift in Sources */ = {isa = PBXBuildFile; fileRef = 9CE383A12725ED910024A965 /* HistoryTableViewController.swift */; };
		9CE383A52725EE1B0024A965 /* RestockViewController.swift in Sources */ = {isa = PBXBuildFile; fileRef = 9CE383A42725EE1B0024A965 /* RestockViewController.swift */; };
		9CE383A82725EF320024A965 /* HistoryDetailViewController.swift in Sources */ = {isa = PBXBuildFile; fileRef = 9CE383A72725EF320024A965 /* HistoryDetailViewController.swift */; };
/* End PBXBuildFile section */

/* Begin PBXFileReference section */
		9C18276C2725E4220007BFAE /* ManagerViewController.swift */ = {isa = PBXFileReference; lastKnownFileType = sourcecode.swift; path = ManagerViewController.swift; sourceTree = "<group>"; };
		9C4908A4272615B70070FE9E /* History.swift */ = {isa = PBXFileReference; lastKnownFileType = sourcecode.swift; path = History.swift; sourceTree = "<group>"; };
		9C4908A7272616490070FE9E /* HistoryManager.swift */ = {isa = PBXFileReference; lastKnownFileType = sourcecode.swift; path = HistoryManager.swift; sourceTree = "<group>"; };
		9C4A13F32725B8C9008F5C0F /* Product.swift */ = {isa = PBXFileReference; lastKnownFileType = sourcecode.swift; path = Product.swift; sourceTree = "<group>"; };
		9C4A13F62725B94B008F5C0F /* ProductManager.swift */ = {isa = PBXFileReference; lastKnownFileType = sourcecode.swift; path = ProductManager.swift; sourceTree = "<group>"; };
		9C4A13FC2725C2CB008F5C0F /* myCustomerTableViewCell.swift */ = {isa = PBXFileReference; lastKnownFileType = sourcecode.swift; path = myCustomerTableViewCell.swift; sourceTree = "<group>"; };
		9CD06E042725027B00981B7A /* CashRegister.app */ = {isa = PBXFileReference; explicitFileType = wrapper.application; includeInIndex = 0; path = CashRegister.app; sourceTree = BUILT_PRODUCTS_DIR; };
		9CD06E072725027B00981B7A /* AppDelegate.swift */ = {isa = PBXFileReference; lastKnownFileType = sourcecode.swift; path = AppDelegate.swift; sourceTree = "<group>"; };
		9CD06E092725027B00981B7A /* SceneDelegate.swift */ = {isa = PBXFileReference; lastKnownFileType = sourcecode.swift; path = SceneDelegate.swift; sourceTree = "<group>"; };
		9CD06E0B2725027B00981B7A /* ViewController.swift */ = {isa = PBXFileReference; lastKnownFileType = sourcecode.swift; path = ViewController.swift; sourceTree = "<group>"; };
		9CD06E0E2725027B00981B7A /* Base */ = {isa = PBXFileReference; lastKnownFileType = file.storyboard; name = Base; path = Base.lproj/Main.storyboard; sourceTree = "<group>"; };
		9CD06E102725028600981B7A /* Assets.xcassets */ = {isa = PBXFileReference; lastKnownFileType = folder.assetcatalog; path = Assets.xcassets; sourceTree = "<group>"; };
		9CD06E132725028600981B7A /* Base */ = {isa = PBXFileReference; lastKnownFileType = file.storyboard; name = Base; path = Base.lproj/LaunchScreen.storyboard; sourceTree = "<group>"; };
		9CD06E152725028600981B7A /* Info.plist */ = {isa = PBXFileReference; lastKnownFileType = text.plist.xml; path = Info.plist; sourceTree = "<group>"; };
		9CD06E1C27250C1E00981B7A /* RoundButton.swift */ = {isa = PBXFileReference; lastKnownFileType = sourcecode.swift; path = RoundButton.swift; sourceTree = "<group>"; };
		9CE383A12725ED910024A965 /* HistoryTableViewController.swift */ = {isa = PBXFileReference; lastKnownFileType = sourcecode.swift; path = HistoryTableViewController.swift; sourceTree = "<group>"; };
		9CE383A42725EE1B0024A965 /* RestockViewController.swift */ = {isa = PBXFileReference; lastKnownFileType = sourcecode.swift; path = RestockViewController.swift; sourceTree = "<group>"; };
		9CE383A72725EF320024A965 /* HistoryDetailViewController.swift */ = {isa = PBXFileReference; lastKnownFileType = sourcecode.swift; path = HistoryDetailViewController.swift; sourceTree = "<group>"; };
/* End PBXFileReference section */

/* Begin PBXFrameworksBuildPhase section */
		9CD06E012725027B00981B7A /* Frameworks */ = {
			isa = PBXFrameworksBuildPhase;
			buildActionMask = 2147483647;
			files = (
			);
			runOnlyForDeploymentPostprocessing = 0;
		};
/* End PBXFrameworksBuildPhase section */

/* Begin PBXGroup section */
		9C18276F2725E43D0007BFAE /* ViewController */ = {
			isa = PBXGroup;
			children = (
				9CD06E0B2725027B00981B7A /* ViewController.swift */,
				9C18276C2725E4220007BFAE /* ManagerViewController.swift */,
				9CE383A12725ED910024A965 /* HistoryTableViewController.swift */,
				9CE383A42725EE1B0024A965 /* RestockViewController.swift */,
				9CE383A72725EF320024A965 /* HistoryDetailViewController.swift */,
			);
			path = ViewController;
			sourceTree = "<group>";
		};
		9C4A13F12725B64B008F5C0F /* View */ = {
			isa = PBXGroup;
			children = (
				9CD06E1C27250C1E00981B7A /* RoundButton.swift */,
				9C4A13FC2725C2CB008F5C0F /* myCustomerTableViewCell.swift */,
			);
			path = View;
			sourceTree = "<group>";
		};
		9C4A13F92725B954008F5C0F /* Model */ = {
			isa = PBXGroup;
			children = (
				9C4A13F32725B8C9008F5C0F /* Product.swift */,
				9C4A13F62725B94B008F5C0F /* ProductManager.swift */,
				9C4908A4272615B70070FE9E /* History.swift */,
				9C4908A7272616490070FE9E /* HistoryManager.swift */,
			);
			path = Model;
			sourceTree = "<group>";
		};
		9CD06DFB2725027B00981B7A = {
			isa = PBXGroup;
			children = (
				9CD06E062725027B00981B7A /* CashRegister */,
				9CD06E052725027B00981B7A /* Products */,
			);
			sourceTree = "<group>";
		};
		9CD06E052725027B00981B7A /* Products */ = {
			isa = PBXGroup;
			children = (
				9CD06E042725027B00981B7A /* CashRegister.app */,
			);
			name = Products;
			sourceTree = "<group>";
		};
		9CD06E062725027B00981B7A /* CashRegister */ = {
			isa = PBXGroup;
			children = (
				9CD06E072725027B00981B7A /* AppDelegate.swift */,
				9CD06E092725027B00981B7A /* SceneDelegate.swift */,
				9C18276F2725E43D0007BFAE /* ViewController */,
				9CD06E0D2725027B00981B7A /* Main.storyboard */,
				9CD06E102725028600981B7A /* Assets.xcassets */,
				9CD06E122725028600981B7A /* LaunchScreen.storyboard */,
				9CD06E152725028600981B7A /* Info.plist */,
				9C4A13F12725B64B008F5C0F /* View */,
				9C4A13F92725B954008F5C0F /* Model */,
			);
			path = CashRegister;
			sourceTree = "<group>";
		};
/* End PBXGroup section */

/* Begin PBXNativeTarget section */
		9CD06E032725027B00981B7A /* CashRegister */ = {
			isa = PBXNativeTarget;
			buildConfigurationList = 9CD06E182725028600981B7A /* Build configuration list for PBXNativeTarget "CashRegister" */;
			buildPhases = (
				9CD06E002725027B00981B7A /* Sources */,
				9CD06E012725027B00981B7A /* Frameworks */,
				9CD06E022725027B00981B7A /* Resources */,
			);
			buildRules = (
			);
			dependencies = (
			);
			name = CashRegister;
			productName = CashRegister;
			productReference = 9CD06E042725027B00981B7A /* CashRegister.app */;
			productType = "com.apple.product-type.application";
		};
/* End PBXNativeTarget section */

/* Begin PBXProject section */
		9CD06DFC2725027B00981B7A /* Project object */ = {
			isa = PBXProject;
			attributes = {
				LastSwiftUpdateCheck = 1240;
				LastUpgradeCheck = 1240;
				TargetAttributes = {
					9CD06E032725027B00981B7A = {
						CreatedOnToolsVersion = 12.4;
					};
				};
			};
			buildConfigurationList = 9CD06DFF2725027B00981B7A /* Build configuration list for PBXProject "CashRegister" */;
			compatibilityVersion = "Xcode 9.3";
			developmentRegion = en;
			hasScannedForEncodings = 0;
			knownRegions = (
				en,
				Base,
			);
			mainGroup = 9CD06DFB2725027B00981B7A;
			productRefGroup = 9CD06E052725027B00981B7A /* Products */;
			projectDirPath = "";
			projectRoot = "";
			targets = (
				9CD06E032725027B00981B7A /* CashRegister */,
			);
		};
/* End PBXProject section */

/* Begin PBXResourcesBuildPhase section */
		9CD06E022725027B00981B7A /* Resources */ = {
			isa = PBXResourcesBuildPhase;
			buildActionMask = 2147483647;
			files = (
				9CD06E142725028600981B7A /* LaunchScreen.storyboard in Resources */,
				9CD06E112725028600981B7A /* Assets.xcassets in Resources */,
				9CD06E0F2725027B00981B7A /* Main.storyboard in Resources */,
			);
			runOnlyForDeploymentPostprocessing = 0;
		};
/* End PBXResourcesBuildPhase section */

/* Begin PBXSourcesBuildPhase section */
		9CD06E002725027B00981B7A /* Sources */ = {
			isa = PBXSourcesBuildPhase;
			buildActionMask = 2147483647;
			files = (
				9C18276D2725E4220007BFAE /* ManagerViewController.swift in Sources */,
				9CD06E1D27250C1E00981B7A /* RoundButton.swift in Sources */,
				9C4A13F72725B94B008F5C0F /* ProductManager.swift in Sources */,
				9CD06E0C2725027B00981B7A /* ViewController.swift in Sources */,
				9C4A13F42725B8C9008F5C0F /* Product.swift in Sources */,
				9CE383A22725ED910024A965 /* HistoryTableViewController.swift in Sources */,
				9C4908A8272616490070FE9E /* HistoryManager.swift in Sources */,
				9C4908A5272615B70070FE9E /* History.swift in Sources */,
				9C4A13FD2725C2CB008F5C0F /* myCustomerTableViewCell.swift in Sources */,
				9CD06E082725027B00981B7A /* AppDelegate.swift in Sources */,
				9CE383A52725EE1B0024A965 /* RestockViewController.swift in Sources */,
				9CE383A82725EF320024A965 /* HistoryDetailViewController.swift in Sources */,
				9CD06E0A2725027B00981B7A /* SceneDelegate.swift in Sources */,
			);
			runOnlyForDeploymentPostprocessing = 0;
		};
/* End PBXSourcesBuildPhase section */

/* Begin PBXVariantGroup section */
		9CD06E0D2725027B00981B7A /* Main.storyboard */ = {
			isa = PBXVariantGroup;
			children = (
				9CD06E0E2725027B00981B7A /* Base */,
			);
			name = Main.storyboard;
			sourceTree = "<group>";
		};
		9CD06E122725028600981B7A /* LaunchScreen.storyboard */ = {
			isa = PBXVariantGroup;
			children = (
				9CD06E132725028600981B7A /* Base */,
			);
			name = LaunchScreen.storyboard;
			sourceTree = "<group>";
		};
/* End PBXVariantGroup section */

/* Begin XCBuildConfiguration section */
		9CD06E162725028600981B7A /* Debug */ = {
			isa = XCBuildConfiguration;
			buildSettings = {
				ALWAYS_SEARCH_USER_PATHS = NO;
				CLANG_ANALYZER_NONNULL = YES;
				CLANG_ANALYZER_NUMBER_OBJECT_CONVERSION = YES_AGGRESSIVE;
				CLANG_CXX_LANGUAGE_STANDARD = "gnu++14";
				CLANG_CXX_LIBRARY = "libc++";
				CLANG_ENABLE_MODULES = YES;
				CLANG_ENABLE_OBJC_ARC = YES;
				CLANG_ENABLE_OBJC_WEAK = YES;
				CLANG_WARN_BLOCK_CAPTURE_AUTORELEASING = YES;
				CLANG_WARN_BOOL_CONVERSION = YES;
				CLANG_WARN_COMMA = YES;
				CLANG_WARN_CONSTANT_CONVERSION = YES;
				CLANG_WARN_DEPRECATED_OBJC_IMPLEMENTATIONS = YES;
				CLANG_WARN_DIRECT_OBJC_ISA_USAGE = YES_ERROR;
				CLANG_WARN_DOCUMENTATION_COMMENTS = YES;
				CLANG_WARN_EMPTY_BODY = YES;
				CLANG_WARN_ENUM_CONVERSION = YES;
				CLANG_WARN_INFINITE_RECURSION = YES;
				CLANG_WARN_INT_CONVERSION = YES;
				CLANG_WARN_NON_LITERAL_NULL_CONVERSION = YES;
				CLANG_WARN_OBJC_IMPLICIT_RETAIN_SELF = YES;
				CLANG_WARN_OBJC_LITERAL_CONVERSION = YES;
				CLANG_WARN_OBJC_ROOT_CLASS = YES_ERROR;
				CLANG_WARN_QUOTED_INCLUDE_IN_FRAMEWORK_HEADER = YES;
				CLANG_WARN_RANGE_LOOP_ANALYSIS = YES;
				CLANG_WARN_STRICT_PROTOTYPES = YES;
				CLANG_WARN_SUSPICIOUS_MOVE = YES;
				CLANG_WARN_UNGUARDED_AVAILABILITY = YES_AGGRESSIVE;
				CLANG_WARN_UNREACHABLE_CODE = YES;
				CLANG_WARN__DUPLICATE_METHOD_MATCH = YES;
				COPY_PHASE_STRIP = NO;
				DEBUG_INFORMATION_FORMAT = dwarf;
				ENABLE_STRICT_OBJC_MSGSEND = YES;
				ENABLE_TESTABILITY = YES;
				GCC_C_LANGUAGE_STANDARD = gnu11;
				GCC_DYNAMIC_NO_PIC = NO;
				GCC_NO_COMMON_BLOCKS = YES;
				GCC_OPTIMIZATION_LEVEL = 0;
				GCC_PREPROCESSOR_DEFINITIONS = (
					"DEBUG=1",
					"$(inherited)",
				);
				GCC_WARN_64_TO_32_BIT_CONVERSION = YES;
				GCC_WARN_ABOUT_RETURN_TYPE = YES_ERROR;
				GCC_WARN_UNDECLARED_SELECTOR = YES;
				GCC_WARN_UNINITIALIZED_AUTOS = YES_AGGRESSIVE;
				GCC_WARN_UNUSED_FUNCTION = YES;
				GCC_WARN_UNUSED_VARIABLE = YES;
				IPHONEOS_DEPLOYMENT_TARGET = 14.4;
				MTL_ENABLE_DEBUG_INFO = INCLUDE_SOURCE;
				MTL_FAST_MATH = YES;
				ONLY_ACTIVE_ARCH = YES;
				SDKROOT = iphoneos;
				SWIFT_ACTIVE_COMPILATION_CONDITIONS = DEBUG;
				SWIFT_OPTIMIZATION_LEVEL = "-Onone";
			};
			name = Debug;
		};
		9CD06E172725028600981B7A /* Release */ = {
			isa = XCBuildConfiguration;
			buildSettings = {
				ALWAYS_SEARCH_USER_PATHS = NO;
				CLANG_ANALYZER_NONNULL = YES;
				CLANG_ANALYZER_NUMBER_OBJECT_CONVERSION = YES_AGGRESSIVE;
				CLANG_CXX_LANGUAGE_STANDARD = "gnu++14";
				CLANG_CXX_LIBRARY = "libc++";
				CLANG_ENABLE_MODULES = YES;
				CLANG_ENABLE_OBJC_ARC = YES;
				CLANG_ENABLE_OBJC_WEAK = YES;
				CLANG_WARN_BLOCK_CAPTURE_AUTORELEASING = YES;
				CLANG_WARN_BOOL_CONVERSION = YES;
				CLANG_WARN_COMMA = YES;
				CLANG_WARN_CONSTANT_CONVERSION = YES;
				CLANG_WARN_DEPRECATED_OBJC_IMPLEMENTATIONS = YES;
				CLANG_WARN_DIRECT_OBJC_ISA_USAGE = YES_ERROR;
				CLANG_WARN_DOCUMENTATION_COMMENTS = YES;
				CLANG_WARN_EMPTY_BODY = YES;
				CLANG_WARN_ENUM_CONVERSION = YES;
				CLANG_WARN_INFINITE_RECURSION = YES;
				CLANG_WARN_INT_CONVERSION = YES;
				CLANG_WARN_NON_LITERAL_NULL_CONVERSION = YES;
				CLANG_WARN_OBJC_IMPLICIT_RETAIN_SELF = YES;
				CLANG_WARN_OBJC_LITERAL_CONVERSION = YES;
				CLANG_WARN_OBJC_ROOT_CLASS = YES_ERROR;
				CLANG_WARN_QUOTED_INCLUDE_IN_FRAMEWORK_HEADER = YES;
				CLANG_WARN_RANGE_LOOP_ANALYSIS = YES;
				CLANG_WARN_STRICT_PROTOTYPES = YES;
				CLANG_WARN_SUSPICIOUS_MOVE = YES;
				CLANG_WARN_UNGUARDED_AVAILABILITY = YES_AGGRESSIVE;
				CLANG_WARN_UNREACHABLE_CODE = YES;
				CLANG_WARN__DUPLICATE_METHOD_MATCH = YES;
				COPY_PHASE_STRIP = NO;
				DEBUG_INFORMATION_FORMAT = "dwarf-with-dsym";
				ENABLE_NS_ASSERTIONS = NO;
				ENABLE_STRICT_OBJC_MSGSEND = YES;
				GCC_C_LANGUAGE_STANDARD = gnu11;
				GCC_NO_COMMON_BLOCKS = YES;
				GCC_WARN_64_TO_32_BIT_CONVERSION = YES;
				GCC_WARN_ABOUT_RETURN_TYPE = YES_ERROR;
				GCC_WARN_UNDECLARED_SELECTOR = YES;
				GCC_WARN_UNINITIALIZED_AUTOS = YES_AGGRESSIVE;
				GCC_WARN_UNUSED_FUNCTION = YES;
				GCC_WARN_UNUSED_VARIABLE = YES;
				IPHONEOS_DEPLOYMENT_TARGET = 14.4;
				MTL_ENABLE_DEBUG_INFO = NO;
				MTL_FAST_MATH = YES;
				SDKROOT = iphoneos;
				SWIFT_COMPILATION_MODE = wholemodule;
				SWIFT_OPTIMIZATION_LEVEL = "-O";
				VALIDATE_PRODUCT = YES;
			};
			name = Release;
		};
		9CD06E192725028600981B7A /* Debug */ = {
			isa = XCBuildConfiguration;
			buildSettings = {
				ASSETCATALOG_COMPILER_APPICON_NAME = AppIcon;
				ASSETCATALOG_COMPILER_GLOBAL_ACCENT_COLOR_NAME = AccentColor;
				CODE_SIGN_STYLE = Automatic;
				INFOPLIST_FILE = CashRegister/Info.plist;
				LD_RUNPATH_SEARCH_PATHS = (
					"$(inherited)",
					"@executable_path/Frameworks",
				);
				PRODUCT_BUNDLE_IDENTIFIER = ca.humber.CashRegister;
				PRODUCT_NAME = "$(TARGET_NAME)";
				SWIFT_VERSION = 5.0;
				TARGETED_DEVICE_FAMILY = "1,2";
			};
			name = Debug;
		};
		9CD06E1A2725028600981B7A /* Release */ = {
			isa = XCBuildConfiguration;
			buildSettings = {
				ASSETCATALOG_COMPILER_APPICON_NAME = AppIcon;
				ASSETCATALOG_COMPILER_GLOBAL_ACCENT_COLOR_NAME = AccentColor;
				CODE_SIGN_STYLE = Automatic;
				INFOPLIST_FILE = CashRegister/Info.plist;
				LD_RUNPATH_SEARCH_PATHS = (
					"$(inherited)",
					"@executable_path/Frameworks",
				);
				PRODUCT_BUNDLE_IDENTIFIER = ca.humber.CashRegister;
				PRODUCT_NAME = "$(TARGET_NAME)";
				SWIFT_VERSION = 5.0;
				TARGETED_DEVICE_FAMILY = "1,2";
			};
			name = Release;
		};
/* End XCBuildConfiguration section */

/* Begin XCConfigurationList section */
		9CD06DFF2725027B00981B7A /* Build configuration list for PBXProject "CashRegister" */ = {
			isa = XCConfigurationList;
			buildConfigurations = (
				9CD06E162725028600981B7A /* Debug */,
				9CD06E172725028600981B7A /* Release */,
			);
			defaultConfigurationIsVisible = 0;
			defaultConfigurationName = Release;
		};
		9CD06E182725028600981B7A /* Build configuration list for PBXNativeTarget "CashRegister" */ = {
			isa = XCConfigurationList;
			buildConfigurations = (
				9CD06E192725028600981B7A /* Debug */,
				9CD06E1A2725028600981B7A /* Release */,
			);
			defaultConfigurationIsVisible = 0;
			defaultConfigurationName = Release;
		};
/* End XCConfigurationList section */
	};
	rootObject = 9CD06DFC2725027B00981B7A /* Project object */;
}
